{
  "name": "zktv-example-node-unwrap",
  "lockfileVersion": 3,
  "requires": true,
  "packages": {
    "": {
      "name": "zktv-example-node-unwrap",
      "dependencies": {
        "webauthn-prf-zktv": "file:../.."
      }
    },
    "../..": {
      "version": "0.1.0",
      "license": "MIT",
      "dependencies": {
        "@noble/hashes": "^1.5.0"
      },
      "devDependencies": {
        "@eslint/js": "^10.0.1",
        "@types/node": "^26.1.0",
        "eslint": "^10.6.0",
        "fake-indexeddb": "^6.2.5",
        "prettier": "^3.9.4",
        "tsup": "^8.5.1",
        "typescript": "^5.9.3",
        "typescript-eslint": "^8.62.1",
        "vitest": "^4.1.9"
      },
      "engines": {
        "node": ">=20.0.0"
      }
    },
    "node_modules/webauthn-prf-zktv": {
      "resolved": "../..",
      "link": true
    }
  }
}
